
Microsoft Visual Studio Solution File, Format Version 12.00
# Visual Studio 2013
VisualStudioVersion = 12.0.30723.0
MinimumVisualStudioVersion = 10.0.40219.1
Project("{FAE04EC0-301F-11D3-BF4B-00C04F79EFBC}") = "QA.Core", "QA.Core\QA.Core.csproj", "{83837E22-85E0-4264-BB81-DCD54EEADB1A}"
EndProject
Project("{FAE04EC0-301F-11D3-BF4B-00C04F79EFBC}") = "QA.Tests", "QA.Tests\QA.Tests.csproj", "{EE08021D-98F8-405E-BAD0-5CACC0C425E9}"
EndProject
Project("{FAE04EC0-301F-11D3-BF4B-00C04F79EFBC}") = "QA.TestingFramework", "QA.TestingFramework\QA.TestingFramework.csproj", "{45AE721C-52B8-4EDA-BC67-F2A2544366D4}"
EndProject
Global
	GlobalSection(SolutionConfigurationPlatforms) = preSolution
		Debug|Any CPU = Debug|Any CPU
		Release|Any CPU = Release|Any CPU
	EndGlobalSection
	GlobalSection(ProjectConfigurationPlatforms) = postSolution
		{83837E22-85E0-4264-BB81-DCD54EEADB1A}.Debug|Any CPU.ActiveCfg = Debug|Any CPU
		{83837E22-85E0-4264-BB81-DCD54EEADB1A}.Debug|Any CPU.Build.0 = Debug|Any CPU
		{83837E22-85E0-4264-BB81-DCD54EEADB1A}.Release|Any CPU.ActiveCfg = Release|Any CPU
		{83837E22-85E0-4264-BB81-DCD54EEADB1A}.Release|Any CPU.Build.0 = Release|Any CPU
		{EE08021D-98F8-405E-BAD0-5CACC0C425E9}.Debug|Any CPU.ActiveCfg = Debug|Any CPU
		{EE08021D-98F8-405E-BAD0-5CACC0C425E9}.Debug|Any CPU.Build.0 = Debug|Any CPU
		{EE08021D-98F8-405E-BAD0-5CACC0C425E9}.Release|Any CPU.ActiveCfg = Release|Any CPU
		{EE08021D-98F8-405E-BAD0-5CACC0C425E9}.Release|Any CPU.Build.0 = Release|Any CPU
		{45AE721C-52B8-4EDA-BC67-F2A2544366D4}.Debug|Any CPU.ActiveCfg = Debug|Any CPU
		{45AE721C-52B8-4EDA-BC67-F2A2544366D4}.Debug|Any CPU.Build.0 = Debug|Any CPU
		{45AE721C-52B8-4EDA-BC67-F2A2544366D4}.Release|Any CPU.ActiveCfg = Release|Any CPU
		{45AE721C-52B8-4EDA-BC67-F2A2544366D4}.Release|Any CPU.Build.0 = Release|Any CPU
	EndGlobalSection
	GlobalSection(SolutionProperties) = preSolution
		HideSolutionNode = FALSE
	EndGlobalSection
EndGlobal
